
Microsoft Visual Studio Solution File, Format Version 12.00
# Visual Studio Version 16
VisualStudioVersion = 16.0.30907.101
MinimumVisualStudioVersion = 10.0.40219.1
Project("{9A19103F-16F7-4668-BE54-9A1E7A4F7556}") = "QuotesAPI", "QuotesAPI\QuotesAPI.csproj", "{E54E47CE-45D8-41D1-98F4-DCEB95B8A372}"
EndProject
Project("{9A19103F-16F7-4668-BE54-9A1E7A4F7556}") = "QuotesWS", "QuotesWS\QuotesWS.csproj", "{C6E95667-7AAE-4D5A-87EB-EA5CC4DD53CD}"
EndProject
Project("{FAE04EC0-301F-11D3-BF4B-00C04F79EFBC}") = "EmailService", "EmailService\EmailService.csproj", "{58FB414D-BDF1-4092-BDCF-EB21564E3678}"
EndProject
Global
	GlobalSection(SolutionConfigurationPlatforms) = preSolution
		Debug|Any CPU = Debug|Any CPU
		Release|Any CPU = Release|Any CPU
	EndGlobalSection
	GlobalSection(ProjectConfigurationPlatforms) = postSolution
		{E54E47CE-45D8-41D1-98F4-DCEB95B8A372}.Debug|Any CPU.ActiveCfg = Debug|Any CPU
		{E54E47CE-45D8-41D1-98F4-DCEB95B8A372}.Debug|Any CPU.Build.0 = Debug|Any CPU
		{E54E47CE-45D8-41D1-98F4-DCEB95B8A372}.Release|Any CPU.ActiveCfg = Release|Any CPU
		{E54E47CE-45D8-41D1-98F4-DCEB95B8A372}.Release|Any CPU.Build.0 = Release|Any CPU
		{C6E95667-7AAE-4D5A-87EB-EA5CC4DD53CD}.Debug|Any CPU.ActiveCfg = Debug|Any CPU
		{C6E95667-7AAE-4D5A-87EB-EA5CC4DD53CD}.Debug|Any CPU.Build.0 = Debug|Any CPU
		{C6E95667-7AAE-4D5A-87EB-EA5CC4DD53CD}.Release|Any CPU.ActiveCfg = Release|Any CPU
		{C6E95667-7AAE-4D5A-87EB-EA5CC4DD53CD}.Release|Any CPU.Build.0 = Release|Any CPU
		{58FB414D-BDF1-4092-BDCF-EB21564E3678}.Debug|Any CPU.ActiveCfg = Debug|Any CPU
		{58FB414D-BDF1-4092-BDCF-EB21564E3678}.Debug|Any CPU.Build.0 = Debug|Any CPU
		{58FB414D-BDF1-4092-BDCF-EB21564E3678}.Release|Any CPU.ActiveCfg = Release|Any CPU
		{58FB414D-BDF1-4092-BDCF-EB21564E3678}.Release|Any CPU.Build.0 = Release|Any CPU
	EndGlobalSection
	GlobalSection(SolutionProperties) = preSolution
		HideSolutionNode = FALSE
	EndGlobalSection
	GlobalSection(ExtensibilityGlobals) = postSolution
		SolutionGuid = {C06514C8-55CC-452B-9A12-2262F54501E7}
	EndGlobalSection
EndGlobal
